// !$*UTF8*$!
{
	archiveVersion = 1;
	classes = {
	};
	objectVersion = 45;
	objects = {

/* Begin PBXBuildFile section */
		8D0C4E900486CD37000505A6 /* main.cpp in Sources */ = {isa = PBXBuildFile; fileRef = 20286C2BFDCF999611CA2CEA /* main.cpp */; settings = {ATTRIBUTES = (); }; };
		8D0C4E920486CD37000505A6 /* Carbon.framework in Frameworks */ = {isa = PBXBuildFile; fileRef = 20286C33FDCF999611CA2CEA /* Carbon.framework */; };
		AA699C8C104334EB00D41692 /* game.cpp in Sources */ = {isa = PBXBuildFile; fileRef = AA699C8A104334EB00D41692 /* game.cpp */; };
		AA699C90104335EB00D41692 /* input.cpp in Sources */ = {isa = PBXBuildFile; fileRef = AA699C8F104335EB00D41692 /* input.cpp */; };
		AA9765D410440B1B005C3F5F /* OIS.framework in Frameworks */ = {isa = PBXBuildFile; fileRef = AA9765D310440B1B005C3F5F /* OIS.framework */; };
		AA9765FC10440BE4005C3F5F /* OIS.framework in CopyFiles */ = {isa = PBXBuildFile; fileRef = AA9765D310440B1B005C3F5F /* OIS.framework */; };
		AA97667C1044249E005C3F5F /* OpenAL.framework in Frameworks */ = {isa = PBXBuildFile; fileRef = AA97667B1044249E005C3F5F /* OpenAL.framework */; };
		AAA679651044A74400B85DD7 /* game_state.cpp in Sources */ = {isa = PBXBuildFile; fileRef = AAA679641044A74400B85DD7 /* game_state.cpp */; };
		AAA679761045441D00B85DD7 /* play_state.cpp in Sources */ = {isa = PBXBuildFile; fileRef = AAA679751045441D00B85DD7 /* play_state.cpp */; };
		AAAA63051042D8DE00A475D5 /* Ogre.framework in Frameworks */ = {isa = PBXBuildFile; fileRef = AAAA63041042D8DE00A475D5 /* Ogre.framework */; };
		AAD6AB34103D5A1A00F445AD /* Cg.framework in Frameworks */ = {isa = PBXBuildFile; fileRef = AAD6AB33103D5A1A00F445AD /* Cg.framework */; };
		AAD6AC2D103D5A7700F445AD /* IOKit.framework in Frameworks */ = {isa = PBXBuildFile; fileRef = AAD6AC2C103D5A7700F445AD /* IOKit.framework */; };
		AAD6AC31103D5B5A00F445AD /* libois.a in Frameworks */ = {isa = PBXBuildFile; fileRef = AAD6AC30103D5B5A00F445AD /* libois.a */; };
		AAD6AD03103D613B00F445AD /* Cg.framework in CopyFiles */ = {isa = PBXBuildFile; fileRef = AAD6AB33103D5A1A00F445AD /* Cg.framework */; };
		AAD6AD05103D614F00F445AD /* IOKit.framework in CopyFiles */ = {isa = PBXBuildFile; fileRef = AAD6AC2C103D5A7700F445AD /* IOKit.framework */; };
		AAD6AD09103D949500F445AD /* libois.a in CopyFiles */ = {isa = PBXBuildFile; fileRef = AAD6AC30103D5B5A00F445AD /* libois.a */; };
/* End PBXBuildFile section */

/* Begin PBXCopyFilesBuildPhase section */
		AAD6AD01103D60F700F445AD /* CopyFiles */ = {
			isa = PBXCopyFilesBuildPhase;
			buildActionMask = 2147483647;
			dstPath = "";
			dstSubfolderSpec = 10;
			files = (
				AA9765FC10440BE4005C3F5F /* OIS.framework in CopyFiles */,
				AAD6AD09103D949500F445AD /* libois.a in CopyFiles */,
				AAD6AD05103D614F00F445AD /* IOKit.framework in CopyFiles */,
				AAD6AD03103D613B00F445AD /* Cg.framework in CopyFiles */,
			);
			runOnlyForDeploymentPostprocessing = 0;
		};
/* End PBXCopyFilesBuildPhase section */

/* Begin PBXFileReference section */
		20286C2BFDCF999611CA2CEA /* main.cpp */ = {isa = PBXFileReference; fileEncoding = 4; lastKnownFileType = sourcecode.cpp.cpp; path = main.cpp; sourceTree = "<group>"; };
		20286C33FDCF999611CA2CEA /* Carbon.framework */ = {isa = PBXFileReference; lastKnownFileType = wrapper.framework; name = Carbon.framework; path = /System/Library/Frameworks/Carbon.framework; sourceTree = "<absolute>"; };
		8D0C4E960486CD37000505A6 /* Info.plist */ = {isa = PBXFileReference; fileEncoding = 4; lastKnownFileType = text.plist.xml; path = Info.plist; sourceTree = "<group>"; };
		8D0C4E970486CD37000505A6 /* Prototyp.app */ = {isa = PBXFileReference; explicitFileType = wrapper.application; includeInIndex = 0; path = Prototyp.app; sourceTree = BUILT_PRODUCTS_DIR; };
		AA699C8A104334EB00D41692 /* game.cpp */ = {isa = PBXFileReference; fileEncoding = 4; lastKnownFileType = sourcecode.cpp.cpp; path = game.cpp; sourceTree = "<group>"; };
		AA699C8B104334EB00D41692 /* game.h */ = {isa = PBXFileReference; fileEncoding = 4; lastKnownFileType = sourcecode.c.h; path = game.h; sourceTree = "<group>"; };
		AA699C8E104335EB00D41692 /* input.h */ = {isa = PBXFileReference; fileEncoding = 4; lastKnownFileType = sourcecode.c.h; path = input.h; sourceTree = "<group>"; };
		AA699C8F104335EB00D41692 /* input.cpp */ = {isa = PBXFileReference; fileEncoding = 4; lastKnownFileType = sourcecode.cpp.cpp; path = input.cpp; sourceTree = "<group>"; };
		AA9765D310440B1B005C3F5F /* OIS.framework */ = {isa = PBXFileReference; lastKnownFileType = wrapper.framework; name = OIS.framework; path = ../../../Library/Frameworks/OIS.framework; sourceTree = SOURCE_ROOT; };
		AA97667B1044249E005C3F5F /* OpenAL.framework */ = {isa = PBXFileReference; lastKnownFileType = wrapper.framework; name = OpenAL.framework; path = /System/Library/Frameworks/OpenAL.framework; sourceTree = "<absolute>"; };
		AAA679631044A74400B85DD7 /* game_state.h */ = {isa = PBXFileReference; fileEncoding = 4; lastKnownFileType = sourcecode.c.h; path = game_state.h; sourceTree = "<group>"; };
		AAA679641044A74400B85DD7 /* game_state.cpp */ = {isa = PBXFileReference; fileEncoding = 4; lastKnownFileType = sourcecode.cpp.cpp; path = game_state.cpp; sourceTree = "<group>"; };
		AAA679741045441D00B85DD7 /* play_state.h */ = {isa = PBXFileReference; fileEncoding = 4; lastKnownFileType = sourcecode.c.h; path = play_state.h; sourceTree = "<group>"; };
		AAA679751045441D00B85DD7 /* play_state.cpp */ = {isa = PBXFileReference; fileEncoding = 4; lastKnownFileType = sourcecode.cpp.cpp; path = play_state.cpp; sourceTree = "<group>"; };
		AAAA63041042D8DE00A475D5 /* Ogre.framework */ = {isa = PBXFileReference; lastKnownFileType = wrapper.framework; name = Ogre.framework; path = ../../../Library/Frameworks/Ogre.framework; sourceTree = SOURCE_ROOT; };
		AAD6AB33103D5A1A00F445AD /* Cg.framework */ = {isa = PBXFileReference; lastKnownFileType = wrapper.framework; name = Cg.framework; path = ../../OgreSDK/Dependencies/Cg.framework; sourceTree = SOURCE_ROOT; };
		AAD6AC2C103D5A7700F445AD /* IOKit.framework */ = {isa = PBXFileReference; lastKnownFileType = wrapper.framework; name = IOKit.framework; path = System/Library/Frameworks/IOKit.framework; sourceTree = SDKROOT; };
		AAD6AC30103D5B5A00F445AD /* libois.a */ = {isa = PBXFileReference; lastKnownFileType = archive.ar; name = libois.a; path = ../../OgreSDK/Dependencies/lib/Release/libois.a; sourceTree = SOURCE_ROOT; };
/* End PBXFileReference section */

/* Begin PBXFrameworksBuildPhase section */
		8D0C4E910486CD37000505A6 /* Frameworks */ = {
			isa = PBXFrameworksBuildPhase;
			buildActionMask = 2147483647;
			files = (
				AAD6AC31103D5B5A00F445AD /* libois.a in Frameworks */,
				8D0C4E920486CD37000505A6 /* Carbon.framework in Frameworks */,
				AAD6AB34103D5A1A00F445AD /* Cg.framework in Frameworks */,
				AAD6AC2D103D5A7700F445AD /* IOKit.framework in Frameworks */,
				AAAA63051042D8DE00A475D5 /* Ogre.framework in Frameworks */,
				AA9765D410440B1B005C3F5F /* OIS.framework in Frameworks */,
				AA97667C1044249E005C3F5F /* OpenAL.framework in Frameworks */,
			);
			runOnlyForDeploymentPostprocessing = 0;
		};
/* End PBXFrameworksBuildPhase section */

/* Begin PBXGroup section */
		195DF8CFFE9D517E11CA2CBB /* Products */ = {
			isa = PBXGroup;
			children = (
				8D0C4E970486CD37000505A6 /* Prototyp.app */,
			);
			name = Products;
			sourceTree = "<group>";
		};
		20286C29FDCF999611CA2CEA /* Prototyp */ = {
			isa = PBXGroup;
			children = (
				20286C2AFDCF999611CA2CEA /* Sources */,
				20286C2CFDCF999611CA2CEA /* Resources */,
				20286C32FDCF999611CA2CEA /* External Frameworks and Libraries */,
				195DF8CFFE9D517E11CA2CBB /* Products */,
			);
			name = Prototyp;
			sourceTree = "<group>";
		};
		20286C2AFDCF999611CA2CEA /* Sources */ = {
			isa = PBXGroup;
			children = (
				AA699C8A104334EB00D41692 /* game.cpp */,
				AAA679631044A74400B85DD7 /* game_state.h */,
				AAA679641044A74400B85DD7 /* game_state.cpp */,
				AA699C8B104334EB00D41692 /* game.h */,
				20286C2BFDCF999611CA2CEA /* main.cpp */,
				AA699C8E104335EB00D41692 /* input.h */,
				AA699C8F104335EB00D41692 /* input.cpp */,
				AAA679741045441D00B85DD7 /* play_state.h */,
				AAA679751045441D00B85DD7 /* play_state.cpp */,
			);
			name = Sources;
			sourceTree = "<group>";
		};
		20286C2CFDCF999611CA2CEA /* Resources */ = {
			isa = PBXGroup;
			children = (
				8D0C4E960486CD37000505A6 /* Info.plist */,
			);
			name = Resources;
			sourceTree = "<group>";
		};
		20286C32FDCF999611CA2CEA /* External Frameworks and Libraries */ = {
			isa = PBXGroup;
			children = (
				AA97667B1044249E005C3F5F /* OpenAL.framework */,
				AA9765D310440B1B005C3F5F /* OIS.framework */,
				AAAA63041042D8DE00A475D5 /* Ogre.framework */,
				AAD6AB33103D5A1A00F445AD /* Cg.framework */,
				AAD6AC30103D5B5A00F445AD /* libois.a */,
				AAD6AC2C103D5A7700F445AD /* IOKit.framework */,
				20286C33FDCF999611CA2CEA /* Carbon.framework */,
			);
			name = "External Frameworks and Libraries";
			sourceTree = "<group>";
		};
/* End PBXGroup section */

/* Begin PBXNativeTarget section */
		8D0C4E890486CD37000505A6 /* Prototyp */ = {
			isa = PBXNativeTarget;
			buildConfigurationList = C0E91AC508A95435008D54AB /* Build configuration list for PBXNativeTarget "Prototyp" */;
			buildPhases = (
				8D0C4E8C0486CD37000505A6 /* Resources */,
				8D0C4E8F0486CD37000505A6 /* Sources */,
				8D0C4E910486CD37000505A6 /* Frameworks */,
				AAD6AD01103D60F700F445AD /* CopyFiles */,
			);
			buildRules = (
			);
			dependencies = (
			);
			name = Prototyp;
			productInstallPath = "$(HOME)/Applications";
			productName = Prototyp;
			productReference = 8D0C4E970486CD37000505A6 /* Prototyp.app */;
			productType = "com.apple.product-type.application";
		};
/* End PBXNativeTarget section */

/* Begin PBXProject section */
		20286C28FDCF999611CA2CEA /* Project object */ = {
			isa = PBXProject;
			buildConfigurationList = C0E91AC908A95435008D54AB /* Build configuration list for PBXProject "Prototyp" */;
			compatibilityVersion = "Xcode 3.1";
			hasScannedForEncodings = 1;
			mainGroup = 20286C29FDCF999611CA2CEA /* Prototyp */;
			projectDirPath = "";
			projectRoot = "";
			targets = (
				8D0C4E890486CD37000505A6 /* Prototyp */,
			);
		};
/* End PBXProject section */

/* Begin PBXResourcesBuildPhase section */
		8D0C4E8C0486CD37000505A6 /* Resources */ = {
			isa = PBXResourcesBuildPhase;
			buildActionMask = 2147483647;
			files = (
			);
			runOnlyForDeploymentPostprocessing = 0;
		};
/* End PBXResourcesBuildPhase section */

/* Begin PBXSourcesBuildPhase section */
		8D0C4E8F0486CD37000505A6 /* Sources */ = {
			isa = PBXSourcesBuildPhase;
			buildActionMask = 2147483647;
			files = (
				8D0C4E900486CD37000505A6 /* main.cpp in Sources */,
				AA699C8C104334EB00D41692 /* game.cpp in Sources */,
				AA699C90104335EB00D41692 /* input.cpp in Sources */,
				AAA679651044A74400B85DD7 /* game_state.cpp in Sources */,
				AAA679761045441D00B85DD7 /* play_state.cpp in Sources */,
			);
			runOnlyForDeploymentPostprocessing = 0;
		};
/* End PBXSourcesBuildPhase section */

/* Begin XCBuildConfiguration section */
		C0E91AC608A95435008D54AB /* Debug */ = {
			isa = XCBuildConfiguration;
			buildSettings = {
				ALWAYS_SEARCH_USER_PATHS = NO;
				COPY_PHASE_STRIP = NO;
				FRAMEWORK_SEARCH_PATHS = (
					"$(inherited)",
					"\"$(SRCROOT)/../../OgreSDK/Dependencies\"",
					"\"$(SRCROOT)/../../../Library/Frameworks\"",
				);
				GCC_DYNAMIC_NO_PIC = NO;
				GCC_ENABLE_FIX_AND_CONTINUE = YES;
				GCC_MODEL_TUNING = G5;
				GCC_OPTIMIZATION_LEVEL = 0;
				GCC_PRECOMPILE_PREFIX_HEADER = NO;
				GCC_PREFIX_HEADER = "";
				HEADER_SEARCH_PATHS = (
					"\"$(SRCROOT)/../../OgreSDK/Dependencies/include\"",
					"\"$(SRCROOT)/../../OgreSDK/Dependencies/Ogre.framework/Headers\"",
				);
				INFOPLIST_FILE = Info.plist;
				INSTALL_PATH = "$(HOME)/Applications";
				LIBRARY_SEARCH_PATHS = (
					"$(inherited)",
					"\"$(SRCROOT)/../../OgreSDK/Dependencies/lib/Release\"",
				);
				ONLY_ACTIVE_ARCH = YES;
				PRODUCT_NAME = Prototyp;
			};
			name = Debug;
		};
		C0E91AC708A95435008D54AB /* Release */ = {
			isa = XCBuildConfiguration;
			buildSettings = {
				ALWAYS_SEARCH_USER_PATHS = NO;
				DEBUG_INFORMATION_FORMAT = "dwarf-with-dsym";
				FRAMEWORK_SEARCH_PATHS = (
					"$(inherited)",
					"\"$(SRCROOT)/../../OgreSDK/Dependencies\"",
					"\"$(SRCROOT)/../../../Library/Frameworks\"",
				);
				GCC_MODEL_TUNING = G5;
				GCC_PRECOMPILE_PREFIX_HEADER = NO;
				GCC_PREFIX_HEADER = "";
				HEADER_SEARCH_PATHS = (
					"\"$(SRCROOT)/../../OgreSDK/Dependencies/include\"",
					"\"$(SRCROOT)/../../OgreSDK/Dependencies/Ogre.framework/Headers\"",
				);
				INFOPLIST_FILE = Info.plist;
				INSTALL_PATH = "$(HOME)/Applications";
				LIBRARY_SEARCH_PATHS = (
					"$(inherited)",
					"\"$(SRCROOT)/../../OgreSDK/Dependencies/lib/Release\"",
				);
				ONLY_ACTIVE_ARCH = YES;
				PRODUCT_NAME = Prototyp;
			};
			name = Release;
		};
		C0E91ACA08A95435008D54AB /* Debug */ = {
			isa = XCBuildConfiguration;
			buildSettings = {
				ARCHS = "$(ARCHS_STANDARD_32_BIT)";
				COPY_PHASE_STRIP = NO;
				GCC_C_LANGUAGE_STANDARD = c99;
				GCC_OPTIMIZATION_LEVEL = 0;
				GCC_WARN_ABOUT_RETURN_TYPE = YES;
				GCC_WARN_UNUSED_VARIABLE = YES;
				ONLY_ACTIVE_ARCH = YES;
				PREBINDING = NO;
				SDKROOT = macosx10.5;
				VALID_ARCHS = "i386 x86_64";
			};
			name = Debug;
		};
		C0E91ACB08A95435008D54AB /* Release */ = {
			isa = XCBuildConfiguration;
			buildSettings = {
				ARCHS = "$(ARCHS_STANDARD_32_BIT)";
				COPY_PHASE_STRIP = NO;
				GCC_C_LANGUAGE_STANDARD = c99;
				GCC_WARN_ABOUT_RETURN_TYPE = YES;
				GCC_WARN_UNUSED_VARIABLE = YES;
				PREBINDING = NO;
				SDKROOT = macosx10.5;
				VALID_ARCHS = "i386 x86_64";
			};
			name = Release;
		};
/* End XCBuildConfiguration section */

/* Begin XCConfigurationList section */
		C0E91AC508A95435008D54AB /* Build configuration list for PBXNativeTarget "Prototyp" */ = {
			isa = XCConfigurationList;
			buildConfigurations = (
				C0E91AC608A95435008D54AB /* Debug */,
				C0E91AC708A95435008D54AB /* Release */,
			);
			defaultConfigurationIsVisible = 0;
			defaultConfigurationName = Release;
		};
		C0E91AC908A95435008D54AB /* Build configuration list for PBXProject "Prototyp" */ = {
			isa = XCConfigurationList;
			buildConfigurations = (
				C0E91ACA08A95435008D54AB /* Debug */,
				C0E91ACB08A95435008D54AB /* Release */,
			);
			defaultConfigurationIsVisible = 0;
			defaultConfigurationName = Release;
		};
/* End XCConfigurationList section */
	};
	rootObject = 20286C28FDCF999611CA2CEA /* Project object */;
}
